// !$*UTF8*$!
{
	archiveVersion = 1;
	classes = {
	};
	objectVersion = 50;
	objects = {

/* Begin PBXBuildFile section */
		6980F5CB22CFADCC00A3C1DC /* AppDelegate.swift in Sources */ = {isa = PBXBuildFile; fileRef = 6980F5CA22CFADCC00A3C1DC /* AppDelegate.swift */; };
		6980F5CD22CFADCC00A3C1DC /* ViewController.swift in Sources */ = {isa = PBXBuildFile; fileRef = 6980F5CC22CFADCC00A3C1DC /* ViewController.swift */; };
		6980F5CF22CFADCE00A3C1DC /* Assets.xcassets in Resources */ = {isa = PBXBuildFile; fileRef = 6980F5CE22CFADCE00A3C1DC /* Assets.xcassets */; };
		6980F5D222CFADCE00A3C1DC /* Main.storyboard in Resources */ = {isa = PBXBuildFile; fileRef = 6980F5D022CFADCE00A3C1DC /* Main.storyboard */; };
		6980F5DB22CFB61000A3C1DC /* Bubble.swift in Sources */ = {isa = PBXBuildFile; fileRef = 6980F5DA22CFB61000A3C1DC /* Bubble.swift */; };
/* End PBXBuildFile section */

/* Begin PBXFileReference section */
		6980F5C722CFADCC00A3C1DC /* OverBubble.app */ = {isa = PBXFileReference; explicitFileType = wrapper.application; includeInIndex = 0; path = OverBubble.app; sourceTree = BUILT_PRODUCTS_DIR; };
		6980F5CA22CFADCC00A3C1DC /* AppDelegate.swift */ = {isa = PBXFileReference; lastKnownFileType = sourcecode.swift; path = AppDelegate.swift; sourceTree = "<group>"; };
		6980F5CC22CFADCC00A3C1DC /* ViewController.swift */ = {isa = PBXFileReference; lastKnownFileType = sourcecode.swift; path = ViewController.swift; sourceTree = "<group>"; };
		6980F5CE22CFADCE00A3C1DC /* Assets.xcassets */ = {isa = PBXFileReference; lastKnownFileType = folder.assetcatalog; path = Assets.xcassets; sourceTree = "<group>"; };
		6980F5D122CFADCE00A3C1DC /* Base */ = {isa = PBXFileReference; lastKnownFileType = file.storyboard; name = Base; path = Base.lproj/Main.storyboard; sourceTree = "<group>"; };
		6980F5D322CFADCE00A3C1DC /* Info.plist */ = {isa = PBXFileReference; lastKnownFileType = text.plist.xml; path = Info.plist; sourceTree = "<group>"; };
		6980F5D422CFADCE00A3C1DC /* OverBubble.entitlements */ = {isa = PBXFileReference; lastKnownFileType = text.plist.entitlements; path = OverBubble.entitlements; sourceTree = "<group>"; };
		6980F5DA22CFB61000A3C1DC /* Bubble.swift */ = {isa = PBXFileReference; lastKnownFileType = sourcecode.swift; path = Bubble.swift; sourceTree = "<group>"; };
/* End PBXFileReference section */

/* Begin PBXFrameworksBuildPhase section */
		6980F5C422CFADCC00A3C1DC /* Frameworks */ = {
			isa = PBXFrameworksBuildPhase;
			buildActionMask = 2147483647;
			files = (
			);
			runOnlyForDeploymentPostprocessing = 0;
		};
/* End PBXFrameworksBuildPhase section */

/* Begin PBXGroup section */
		6980F5BE22CFADCC00A3C1DC = {
			isa = PBXGroup;
			children = (
				6980F5C922CFADCC00A3C1DC /* OverBubble */,
				6980F5C822CFADCC00A3C1DC /* Products */,
			);
			sourceTree = "<group>";
		};
		6980F5C822CFADCC00A3C1DC /* Products */ = {
			isa = PBXGroup;
			children = (
				6980F5C722CFADCC00A3C1DC /* OverBubble.app */,
			);
			name = Products;
			sourceTree = "<group>";
		};
		6980F5C922CFADCC00A3C1DC /* OverBubble */ = {
			isa = PBXGroup;
			children = (
				6980F5DA22CFB61000A3C1DC /* Bubble.swift */,
				6980F5CA22CFADCC00A3C1DC /* AppDelegate.swift */,
				6980F5CC22CFADCC00A3C1DC /* ViewController.swift */,
				6980F5CE22CFADCE00A3C1DC /* Assets.xcassets */,
				6980F5D022CFADCE00A3C1DC /* Main.storyboard */,
				6980F5D322CFADCE00A3C1DC /* Info.plist */,
				6980F5D422CFADCE00A3C1DC /* OverBubble.entitlements */,
			);
			path = OverBubble;
			sourceTree = "<group>";
		};
/* End PBXGroup section */

/* Begin PBXNativeTarget section */
		6980F5C622CFADCC00A3C1DC /* OverBubble */ = {
			isa = PBXNativeTarget;
			buildConfigurationList = 6980F5D722CFADCE00A3C1DC /* Build configuration list for PBXNativeTarget "OverBubble" */;
			buildPhases = (
				6980F5C322CFADCC00A3C1DC /* Sources */,
				6980F5C422CFADCC00A3C1DC /* Frameworks */,
				6980F5C522CFADCC00A3C1DC /* Resources */,
			);
			buildRules = (
			);
			dependencies = (
			);
			name = OverBubble;
			productName = OverBubble;
			productReference = 6980F5C722CFADCC00A3C1DC /* OverBubble.app */;
			productType = "com.apple.product-type.application";
		};
/* End PBXNativeTarget section */

/* Begin PBXProject section */
		6980F5BF22CFADCC00A3C1DC /* Project object */ = {
			isa = PBXProject;
			attributes = {
				LastSwiftUpdateCheck = 1020;
				LastUpgradeCheck = 1020;
				ORGANIZATIONNAME = "Simone Girardi";
				TargetAttributes = {
					6980F5C622CFADCC00A3C1DC = {
						CreatedOnToolsVersion = 10.2.1;
					};
				};
			};
			buildConfigurationList = 6980F5C222CFADCC00A3C1DC /* Build configuration list for PBXProject "OverBubble" */;
			compatibilityVersion = "Xcode 9.3";
			developmentRegion = en;
			hasScannedForEncodings = 0;
			knownRegions = (
				en,
				Base,
			);
			mainGroup = 6980F5BE22CFADCC00A3C1DC;
			productRefGroup = 6980F5C822CFADCC00A3C1DC /* Products */;
			projectDirPath = "";
			projectRoot = "";
			targets = (
				6980F5C622CFADCC00A3C1DC /* OverBubble */,
			);
		};
/* End PBXProject section */

/* Begin PBXResourcesBuildPhase section */
		6980F5C522CFADCC00A3C1DC /* Resources */ = {
			isa = PBXResourcesBuildPhase;
			buildActionMask = 2147483647;
			files = (
				6980F5CF22CFADCE00A3C1DC /* Assets.xcassets in Resources */,
				6980F5D222CFADCE00A3C1DC /* Main.storyboard in Resources */,
			);
			runOnlyForDeploymentPostprocessing = 0;
		};
/* End PBXResourcesBuildPhase section */

/* Begin PBXSourcesBuildPhase section */
		6980F5C322CFADCC00A3C1DC /* Sources */ = {
			isa = PBXSourcesBuildPhase;
			buildActionMask = 2147483647;
			files = (
				6980F5CD22CFADCC00A3C1DC /* ViewController.swift in Sources */,
				6980F5DB22CFB61000A3C1DC /* Bubble.swift in Sources */,
				6980F5CB22CFADCC00A3C1DC /* AppDelegate.swift in Sources */,
			);
			runOnlyForDeploymentPostprocessing = 0;
		};
/* End PBXSourcesBuildPhase section */

/* Begin PBXVariantGroup section */
		6980F5D022CFADCE00A3C1DC /* Main.storyboard */ = {
			isa = PBXVariantGroup;
			children = (
				6980F5D122CFADCE00A3C1DC /* Base */,
			);
			name = Main.storyboard;
			sourceTree = "<group>";
		};
/* End PBXVariantGroup section */

/* Begin XCBuildConfiguration section */
		6980F5D522CFADCE00A3C1DC /* Debug */ = {
			isa = XCBuildConfiguration;
			buildSettings = {
				ALWAYS_SEARCH_USER_PATHS = NO;
				CLANG_ANALYZER_NONNULL = YES;
				CLANG_ANALYZER_NUMBER_OBJECT_CONVERSION = YES_AGGRESSIVE;
				CLANG_CXX_LANGUAGE_STANDARD = "gnu++14";
				CLANG_CXX_LIBRARY = "libc++";
				CLANG_ENABLE_MODULES = YES;
				CLANG_ENABLE_OBJC_ARC = YES;
				CLANG_ENABLE_OBJC_WEAK = YES;
				CLANG_WARN_BLOCK_CAPTURE_AUTORELEASING = YES;
				CLANG_WARN_BOOL_CONVERSION = YES;
				CLANG_WARN_COMMA = YES;
				CLANG_WARN_CONSTANT_CONVERSION = YES;
				CLANG_WARN_DEPRECATED_OBJC_IMPLEMENTATIONS = YES;
				CLANG_WARN_DIRECT_OBJC_ISA_USAGE = YES_ERROR;
				CLANG_WARN_DOCUMENTATION_COMMENTS = YES;
				CLANG_WARN_EMPTY_BODY = YES;
				CLANG_WARN_ENUM_CONVERSION = YES;
				CLANG_WARN_INFINITE_RECURSION = YES;
				CLANG_WARN_INT_CONVERSION = YES;
				CLANG_WARN_NON_LITERAL_NULL_CONVERSION = YES;
				CLANG_WARN_OBJC_IMPLICIT_RETAIN_SELF = YES;
				CLANG_WARN_OBJC_LITERAL_CONVERSION = YES;
				CLANG_WARN_OBJC_ROOT_CLASS = YES_ERROR;
				CLANG_WARN_RANGE_LOOP_ANALYSIS = YES;
				CLANG_WARN_STRICT_PROTOTYPES = YES;
				CLANG_WARN_SUSPICIOUS_MOVE = YES;
				CLANG_WARN_UNGUARDED_AVAILABILITY = YES_AGGRESSIVE;
				CLANG_WARN_UNREACHABLE_CODE = YES;
				CLANG_WARN__DUPLICATE_METHOD_MATCH = YES;
				CODE_SIGN_IDENTITY = "Mac Developer";
				COPY_PHASE_STRIP = NO;
				DEBUG_INFORMATION_FORMAT = dwarf;
				ENABLE_STRICT_OBJC_MSGSEND = YES;
				ENABLE_TESTABILITY = YES;
				GCC_C_LANGUAGE_STANDARD = gnu11;
				GCC_DYNAMIC_NO_PIC = NO;
				GCC_NO_COMMON_BLOCKS = YES;
				GCC_OPTIMIZATION_LEVEL = 0;
				GCC_PREPROCESSOR_DEFINITIONS = (
					"DEBUG=1",
					"$(inherited)",
				);
				GCC_WARN_64_TO_32_BIT_CONVERSION = YES;
				GCC_WARN_ABOUT_RETURN_TYPE = YES_ERROR;
				GCC_WARN_UNDECLARED_SELECTOR = YES;
				GCC_WARN_UNINITIALIZED_AUTOS = YES_AGGRESSIVE;
				GCC_WARN_UNUSED_FUNCTION = YES;
				GCC_WARN_UNUSED_VARIABLE = YES;
				MACOSX_DEPLOYMENT_TARGET = 10.14;
				MTL_ENABLE_DEBUG_INFO = INCLUDE_SOURCE;
				MTL_FAST_MATH = YES;
				ONLY_ACTIVE_ARCH = YES;
				SDKROOT = macosx;
				SWIFT_ACTIVE_COMPILATION_CONDITIONS = DEBUG;
				SWIFT_OPTIMIZATION_LEVEL = "-Onone";
			};
			name = Debug;
		};
		6980F5D622CFADCE00A3C1DC /* Release */ = {
			isa = XCBuildConfiguration;
			buildSettings = {
				ALWAYS_SEARCH_USER_PATHS = NO;
				CLANG_ANALYZER_NONNULL = YES;
				CLANG_ANALYZER_NUMBER_OBJECT_CONVERSION = YES_AGGRESSIVE;
				CLANG_CXX_LANGUAGE_STANDARD = "gnu++14";
				CLANG_CXX_LIBRARY = "libc++";
				CLANG_ENABLE_MODULES = YES;
				CLANG_ENABLE_OBJC_ARC = YES;
				CLANG_ENABLE_OBJC_WEAK = YES;
				CLANG_WARN_BLOCK_CAPTURE_AUTORELEASING = YES;
				CLANG_WARN_BOOL_CONVERSION = YES;
				CLANG_WARN_COMMA = YES;
				CLANG_WARN_CONSTANT_CONVERSION = YES;
				CLANG_WARN_DEPRECATED_OBJC_IMPLEMENTATIONS = YES;
				CLANG_WARN_DIRECT_OBJC_ISA_USAGE = YES_ERROR;
				CLANG_WARN_DOCUMENTATION_COMMENTS = YES;
				CLANG_WARN_EMPTY_BODY = YES;
				CLANG_WARN_ENUM_CONVERSION = YES;
				CLANG_WARN_INFINITE_RECURSION = YES;
				CLANG_WARN_INT_CONVERSION = YES;
				CLANG_WARN_NON_LITERAL_NULL_CONVERSION = YES;
				CLANG_WARN_OBJC_IMPLICIT_RETAIN_SELF = YES;
				CLANG_WARN_OBJC_LITERAL_CONVERSION = YES;
				CLANG_WARN_OBJC_ROOT_CLASS = YES_ERROR;
				CLANG_WARN_RANGE_LOOP_ANALYSIS = YES;
				CLANG_WARN_STRICT_PROTOTYPES = YES;
				CLANG_WARN_SUSPICIOUS_MOVE = YES;
				CLANG_WARN_UNGUARDED_AVAILABILITY = YES_AGGRESSIVE;
				CLANG_WARN_UNREACHABLE_CODE = YES;
				CLANG_WARN__DUPLICATE_METHOD_MATCH = YES;
				CODE_SIGN_IDENTITY = "Mac Developer";
				COPY_PHASE_STRIP = NO;
				DEBUG_INFORMATION_FORMAT = "dwarf-with-dsym";
				ENABLE_NS_ASSERTIONS = NO;
				ENABLE_STRICT_OBJC_MSGSEND = YES;
				GCC_C_LANGUAGE_STANDARD = gnu11;
				GCC_NO_COMMON_BLOCKS = YES;
				GCC_WARN_64_TO_32_BIT_CONVERSION = YES;
				GCC_WARN_ABOUT_RETURN_TYPE = YES_ERROR;
				GCC_WARN_UNDECLARED_SELECTOR = YES;
				GCC_WARN_UNINITIALIZED_AUTOS = YES_AGGRESSIVE;
				GCC_WARN_UNUSED_FUNCTION = YES;
				GCC_WARN_UNUSED_VARIABLE = YES;
				MACOSX_DEPLOYMENT_TARGET = 10.14;
				MTL_ENABLE_DEBUG_INFO = NO;
				MTL_FAST_MATH = YES;
				SDKROOT = macosx;
				SWIFT_COMPILATION_MODE = wholemodule;
				SWIFT_OPTIMIZATION_LEVEL = "-O";
			};
			name = Release;
		};
		6980F5D822CFADCE00A3C1DC /* Debug */ = {
			isa = XCBuildConfiguration;
			buildSettings = {
				ASSETCATALOG_COMPILER_APPICON_NAME = AppIcon;
				CODE_SIGN_ENTITLEMENTS = OverBubble/OverBubble.entitlements;
				CODE_SIGN_STYLE = Automatic;
				COMBINE_HIDPI_IMAGES = YES;
				DEVELOPMENT_TEAM = 44RWR7E4S9;
				INFOPLIST_FILE = OverBubble/Info.plist;
				LD_RUNPATH_SEARCH_PATHS = (
					"$(inherited)",
					"@executable_path/../Frameworks",
				);
				PRODUCT_BUNDLE_IDENTIFIER = Simone.OverBubble;
				PRODUCT_NAME = "$(TARGET_NAME)";
				SWIFT_VERSION = 5.0;
			};
			name = Debug;
		};
		6980F5D922CFADCE00A3C1DC /* Release */ = {
			isa = XCBuildConfiguration;
			buildSettings = {
				ASSETCATALOG_COMPILER_APPICON_NAME = AppIcon;
				CODE_SIGN_ENTITLEMENTS = OverBubble/OverBubble.entitlements;
				CODE_SIGN_STYLE = Automatic;
				COMBINE_HIDPI_IMAGES = YES;
				DEVELOPMENT_TEAM = 44RWR7E4S9;
				INFOPLIST_FILE = OverBubble/Info.plist;
				LD_RUNPATH_SEARCH_PATHS = (
					"$(inherited)",
					"@executable_path/../Frameworks",
				);
				PRODUCT_BUNDLE_IDENTIFIER = Simone.OverBubble;
				PRODUCT_NAME = "$(TARGET_NAME)";
				SWIFT_VERSION = 5.0;
			};
			name = Release;
		};
/* End XCBuildConfiguration section */

/* Begin XCConfigurationList section */
		6980F5C222CFADCC00A3C1DC /* Build configuration list for PBXProject "OverBubble" */ = {
			isa = XCConfigurationList;
			buildConfigurations = (
				6980F5D522CFADCE00A3C1DC /* Debug */,
				6980F5D622CFADCE00A3C1DC /* Release */,
			);
			defaultConfigurationIsVisible = 0;
			defaultConfigurationName = Release;
		};
		6980F5D722CFADCE00A3C1DC /* Build configuration list for PBXNativeTarget "OverBubble" */ = {
			isa = XCConfigurationList;
			buildConfigurations = (
				6980F5D822CFADCE00A3C1DC /* Debug */,
				6980F5D922CFADCE00A3C1DC /* Release */,
			);
			defaultConfigurationIsVisible = 0;
			defaultConfigurationName = Release;
		};
/* End XCConfigurationList section */
	};
	rootObject = 6980F5BF22CFADCC00A3C1DC /* Project object */;
}
